
Microsoft Visual Studio Solution File, Format Version 12.00
# Visual Studio 2012
Project("{FAE04EC0-301F-11D3-BF4B-00C04F79EFBC}") = "Google", "Google\Google.csproj", "{A54CAFCD-48D8-46EC-866A-BCF4C83A9ED0}"
EndProject
Project("{FAE04EC0-301F-11D3-BF4B-00C04F79EFBC}") = "TestSite", "TestSite\TestSite.csproj", "{241EEBBD-BBBD-4F9C-A1C8-28AABDB0325F}"
EndProject
Global
	GlobalSection(SolutionConfigurationPlatforms) = preSolution
		Debug|Any CPU = Debug|Any CPU
		Release|Any CPU = Release|Any CPU
	EndGlobalSection
	GlobalSection(ProjectConfigurationPlatforms) = postSolution
		{A54CAFCD-48D8-46EC-866A-BCF4C83A9ED0}.Debug|Any CPU.ActiveCfg = Release|Any CPU
		{A54CAFCD-48D8-46EC-866A-BCF4C83A9ED0}.Debug|Any CPU.Build.0 = Release|Any CPU
		{A54CAFCD-48D8-46EC-866A-BCF4C83A9ED0}.Release|Any CPU.ActiveCfg = Release|Any CPU
		{A54CAFCD-48D8-46EC-866A-BCF4C83A9ED0}.Release|Any CPU.Build.0 = Release|Any CPU
		{241EEBBD-BBBD-4F9C-A1C8-28AABDB0325F}.Debug|Any CPU.ActiveCfg = Debug|Any CPU
		{241EEBBD-BBBD-4F9C-A1C8-28AABDB0325F}.Debug|Any CPU.Build.0 = Debug|Any CPU
		{241EEBBD-BBBD-4F9C-A1C8-28AABDB0325F}.Release|Any CPU.ActiveCfg = Release|Any CPU
		{241EEBBD-BBBD-4F9C-A1C8-28AABDB0325F}.Release|Any CPU.Build.0 = Release|Any CPU
	EndGlobalSection
	GlobalSection(SolutionProperties) = preSolution
		HideSolutionNode = FALSE
	EndGlobalSection
EndGlobal
